
Microsoft Visual Studio Solution File, Format Version 12.00
# Visual Studio Version 17
VisualStudioVersion = 17.5.33502.453
MinimumVisualStudioVersion = 10.0.40219.1
Project("{8BC9CEB8-8B4A-11D0-8D11-00A0C91BC942}") = "oop3", "oop3.vcxproj", "{3E7CA073-F525-482A-A4C9-F513BF1B7CF8}"
EndProject
Global
	GlobalSection(SolutionConfigurationPlatforms) = preSolution
		Debug|x64 = Debug|x64
		Release|x64 = Release|x64
	EndGlobalSection
	GlobalSection(ProjectConfigurationPlatforms) = postSolution
		{3E7CA073-F525-482A-A4C9-F513BF1B7CF8}.Debug|x64.ActiveCfg = Debug|x64
		{3E7CA073-F525-482A-A4C9-F513BF1B7CF8}.Debug|x64.Build.0 = Debug|x64
		{3E7CA073-F525-482A-A4C9-F513BF1B7CF8}.Release|x64.ActiveCfg = Release|x64
		{3E7CA073-F525-482A-A4C9-F513BF1B7CF8}.Release|x64.Build.0 = Release|x64
	EndGlobalSection
	GlobalSection(SolutionProperties) = preSolution
		HideSolutionNode = FALSE
	EndGlobalSection
	GlobalSection(ExtensibilityGlobals) = postSolution
		SolutionGuid = {3BD7E71D-BB58-4373-966A-DE6D2F732603}
	EndGlobalSection
EndGlobal
